
Microsoft Visual Studio Solution File, Format Version 12.00
# Visual Studio 15
Project("{FAE04EC0-301F-11D3-BF4B-00C04F79EFBC}") = "Book", "Book.csproj", "{643B0D47-7910-45A0-A64B-443DB79A5C22}"
EndProject
Project("{FAE04EC0-301F-11D3-BF4B-00C04F79EFBC}") = "BookAPI", "..\..\..\BookAPI\BookAPI\BookAPI.csproj", "{FBE2D8C0-09E3-46FF-819E-DB8961535B41}"
EndProject
Project("{FAE04EC0-301F-11D3-BF4B-00C04F79EFBC}") = "BookWeb", "BookWeb\BookWeb.csproj", "{29CA1095-6888-4DFF-B273-5BA4C558CE03}"
EndProject
Project("{2150E333-8FDC-42A3-9474-1A3956D46DE8}") = "NEw", "NEw", "{3B131764-BA83-4D7B-8C05-B2791D9C05ED}"
EndProject
Project("{FAE04EC0-301F-11D3-BF4B-00C04F79EFBC}") = "BookWeb", "..\..\..\cyberInters-master\BookWeb\BookWeb.csproj", "{CB1FBDF3-5263-483E-8830-BFCEA87E379F}"
EndProject
Global
	GlobalSection(SolutionConfigurationPlatforms) = preSolution
		Debug|Any CPU = Debug|Any CPU
		Release|Any CPU = Release|Any CPU
	EndGlobalSection
	GlobalSection(ProjectConfigurationPlatforms) = postSolution
		{643B0D47-7910-45A0-A64B-443DB79A5C22}.Debug|Any CPU.ActiveCfg = Debug|Any CPU
		{643B0D47-7910-45A0-A64B-443DB79A5C22}.Debug|Any CPU.Build.0 = Debug|Any CPU
		{643B0D47-7910-45A0-A64B-443DB79A5C22}.Release|Any CPU.ActiveCfg = Release|Any CPU
		{643B0D47-7910-45A0-A64B-443DB79A5C22}.Release|Any CPU.Build.0 = Release|Any CPU
		{FBE2D8C0-09E3-46FF-819E-DB8961535B41}.Debug|Any CPU.ActiveCfg = Debug|Any CPU
		{FBE2D8C0-09E3-46FF-819E-DB8961535B41}.Debug|Any CPU.Build.0 = Debug|Any CPU
		{FBE2D8C0-09E3-46FF-819E-DB8961535B41}.Release|Any CPU.ActiveCfg = Release|Any CPU
		{FBE2D8C0-09E3-46FF-819E-DB8961535B41}.Release|Any CPU.Build.0 = Release|Any CPU
		{29CA1095-6888-4DFF-B273-5BA4C558CE03}.Debug|Any CPU.ActiveCfg = Debug|Any CPU
		{29CA1095-6888-4DFF-B273-5BA4C558CE03}.Debug|Any CPU.Build.0 = Debug|Any CPU
		{29CA1095-6888-4DFF-B273-5BA4C558CE03}.Release|Any CPU.ActiveCfg = Release|Any CPU
		{29CA1095-6888-4DFF-B273-5BA4C558CE03}.Release|Any CPU.Build.0 = Release|Any CPU
		{CB1FBDF3-5263-483E-8830-BFCEA87E379F}.Debug|Any CPU.ActiveCfg = Debug|Any CPU
		{CB1FBDF3-5263-483E-8830-BFCEA87E379F}.Debug|Any CPU.Build.0 = Debug|Any CPU
		{CB1FBDF3-5263-483E-8830-BFCEA87E379F}.Release|Any CPU.ActiveCfg = Release|Any CPU
		{CB1FBDF3-5263-483E-8830-BFCEA87E379F}.Release|Any CPU.Build.0 = Release|Any CPU
	EndGlobalSection
	GlobalSection(NestedProjects) = preSolution
		{CB1FBDF3-5263-483E-8830-BFCEA87E379F} = {3B131764-BA83-4D7B-8C05-B2791D9C05ED}
	EndGlobalSection
EndGlobal
